
Microsoft Visual Studio Solution File, Format Version 12.00
# Visual Studio 15
VisualStudioVersion = 15.0.28307.539
MinimumVisualStudioVersion = 10.0.40219.1
Project("{FAE04EC0-301F-11D3-BF4B-00C04F79EFBC}") = "Lab6", "opgave1\Lab6.csproj", "{68EDD0D2-F8D1-464C-8D7A-713C9FD09CB5}"
EndProject
Project("{FAE04EC0-301F-11D3-BF4B-00C04F79EFBC}") = "Lab7", "Lab7\Lab7.csproj", "{3358D69F-2592-466A-A3BB-74D389F7886E}"
EndProject
Project("{FAE04EC0-301F-11D3-BF4B-00C04F79EFBC}") = "Lab8", "Lab8\Lab8.csproj", "{9707DC27-4A7C-4BE6-B117-7E11621436E8}"
EndProject
Global
	GlobalSection(SolutionConfigurationPlatforms) = preSolution
		Debug|Any CPU = Debug|Any CPU
		Release|Any CPU = Release|Any CPU
	EndGlobalSection
	GlobalSection(ProjectConfigurationPlatforms) = postSolution
		{68EDD0D2-F8D1-464C-8D7A-713C9FD09CB5}.Debug|Any CPU.ActiveCfg = Debug|Any CPU
		{68EDD0D2-F8D1-464C-8D7A-713C9FD09CB5}.Debug|Any CPU.Build.0 = Debug|Any CPU
		{68EDD0D2-F8D1-464C-8D7A-713C9FD09CB5}.Release|Any CPU.ActiveCfg = Release|Any CPU
		{68EDD0D2-F8D1-464C-8D7A-713C9FD09CB5}.Release|Any CPU.Build.0 = Release|Any CPU
		{3358D69F-2592-466A-A3BB-74D389F7886E}.Debug|Any CPU.ActiveCfg = Debug|Any CPU
		{3358D69F-2592-466A-A3BB-74D389F7886E}.Debug|Any CPU.Build.0 = Debug|Any CPU
		{3358D69F-2592-466A-A3BB-74D389F7886E}.Release|Any CPU.ActiveCfg = Release|Any CPU
		{3358D69F-2592-466A-A3BB-74D389F7886E}.Release|Any CPU.Build.0 = Release|Any CPU
		{9707DC27-4A7C-4BE6-B117-7E11621436E8}.Debug|Any CPU.ActiveCfg = Debug|Any CPU
		{9707DC27-4A7C-4BE6-B117-7E11621436E8}.Debug|Any CPU.Build.0 = Debug|Any CPU
		{9707DC27-4A7C-4BE6-B117-7E11621436E8}.Release|Any CPU.ActiveCfg = Release|Any CPU
		{9707DC27-4A7C-4BE6-B117-7E11621436E8}.Release|Any CPU.Build.0 = Release|Any CPU
	EndGlobalSection
	GlobalSection(SolutionProperties) = preSolution
		HideSolutionNode = FALSE
	EndGlobalSection
	GlobalSection(ExtensibilityGlobals) = postSolution
		SolutionGuid = {ECEAD8E5-216C-430F-8753-6722DA62877A}
	EndGlobalSection
EndGlobal
